
Microsoft Visual Studio Solution File, Format Version 12.00
# Visual Studio Version 17
VisualStudioVersion = 17.0.31903.59
MinimumVisualStudioVersion = 10.0.40219.1
Project("{2150E333-8FDC-42A3-9474-1A3956D46DE8}") = "src", "src", "{827E0CD3-B72D-47B6-A68D-7590B98EB39B}"
EndProject
Project("{FAE04EC0-301F-11D3-BF4B-00C04F79EFBC}") = "PackageBuilder.Domain", "src\PackageBuilder.Domain\PackageBuilder.Domain.csproj", "{0A091B9D-A5FF-4BDA-BA2A-44B1D9756481}"
EndProject
Project("{FAE04EC0-301F-11D3-BF4B-00C04F79EFBC}") = "PackageBuilder.Application", "src\PackageBuilder.Application\PackageBuilder.Application.csproj", "{B5C58AE4-25D2-4F56-94BA-918055314EAE}"
EndProject
Project("{FAE04EC0-301F-11D3-BF4B-00C04F79EFBC}") = "PackageBuilder.Contracts", "src\PackageBuilder.Contracts\PackageBuilder.Contracts.csproj", "{E7A7960C-2C01-4071-96CE-12B5B0408C6A}"
EndProject
Project("{FAE04EC0-301F-11D3-BF4B-00C04F79EFBC}") = "PackageBuilder.Infrastructure", "src\PackageBuilder.Infrastructure\PackageBuilder.Infrastructure.csproj", "{50EBC183-601D-4FC9-A1CF-87E647903B34}"
EndProject
Project("{FAE04EC0-301F-11D3-BF4B-00C04F79EFBC}") = "PackageBuilder.Tools.Blender", "src\PackageBuilder.Tools.Blender\PackageBuilder.Tools.Blender.csproj", "{7F070586-C901-4867-9FB2-E4727B68F3F8}"
EndProject
Project("{FAE04EC0-301F-11D3-BF4B-00C04F79EFBC}") = "PackageBuilder.Targets.Portable", "src\PackageBuilder.Targets.Portable\PackageBuilder.Targets.Portable.csproj", "{D732778C-DE4C-4611-AC8A-0BE571307D29}"
EndProject
Project("{FAE04EC0-301F-11D3-BF4B-00C04F79EFBC}") = "PackageBuilder.Targets.Unity", "src\PackageBuilder.Targets.Unity\PackageBuilder.Targets.Unity.csproj", "{BD89BCF2-8758-4E13-9AC5-BAA9C4AEE32C}"
EndProject
Project("{FAE04EC0-301F-11D3-BF4B-00C04F79EFBC}") = "PackageBuilder.Targets.Unreal", "src\PackageBuilder.Targets.Unreal\PackageBuilder.Targets.Unreal.csproj", "{7F369481-CE01-4B88-B709-25283DE3C40E}"
EndProject
Project("{FAE04EC0-301F-11D3-BF4B-00C04F79EFBC}") = "PackageBuilder.Marketplaces.Fab", "src\PackageBuilder.Marketplaces.Fab\PackageBuilder.Marketplaces.Fab.csproj", "{7491389B-3C34-414D-AA09-A5E9A7522C6A}"
EndProject
Project("{FAE04EC0-301F-11D3-BF4B-00C04F79EFBC}") = "PackageBuilder.App.Wpf", "src\PackageBuilder.App.Wpf\PackageBuilder.App.Wpf.csproj", "{B2524E23-DEE1-4610-996C-5F03742086F6}"
EndProject
Project("{FAE04EC0-301F-11D3-BF4B-00C04F79EFBC}") = "PackageBuilder.Cli", "src\PackageBuilder.Cli\PackageBuilder.Cli.csproj", "{9B202022-9350-43F4-ADAE-6FE6A0D24646}"
EndProject
Project("{2150E333-8FDC-42A3-9474-1A3956D46DE8}") = "tests", "tests", "{0AB3BF05-4346-4AA6-1389-037BE0695223}"
EndProject
Project("{FAE04EC0-301F-11D3-BF4B-00C04F79EFBC}") = "PackageBuilder.Domain.Tests", "tests\PackageBuilder.Domain.Tests\PackageBuilder.Domain.Tests.csproj", "{3AD4BC96-05F0-47D4-B9B4-B40B2D3FF40E}"
EndProject
Project("{FAE04EC0-301F-11D3-BF4B-00C04F79EFBC}") = "PackageBuilder.Application.Tests", "tests\PackageBuilder.Application.Tests\PackageBuilder.Application.Tests.csproj", "{6A675F1D-54EE-411D-8854-154C34674D57}"
EndProject
Project("{FAE04EC0-301F-11D3-BF4B-00C04F79EFBC}") = "PackageBuilder.Infrastructure.Tests", "tests\PackageBuilder.Infrastructure.Tests\PackageBuilder.Infrastructure.Tests.csproj", "{CDA07B9C-6A0A-41F2-99BA-54E12048BAAB}"
EndProject
Project("{FAE04EC0-301F-11D3-BF4B-00C04F79EFBC}") = "PackageBuilder.Contract.Tests", "tests\PackageBuilder.Contract.Tests\PackageBuilder.Contract.Tests.csproj", "{D2E64863-14AF-4F3B-B9EF-D1BF963EA36C}"
EndProject
Global
	GlobalSection(SolutionConfigurationPlatforms) = preSolution
		Debug|Any CPU = Debug|Any CPU
		Debug|x64 = Debug|x64
		Debug|x86 = Debug|x86
		Release|Any CPU = Release|Any CPU
		Release|x64 = Release|x64
		Release|x86 = Release|x86
	EndGlobalSection
	GlobalSection(ProjectConfigurationPlatforms) = postSolution
		{0A091B9D-A5FF-4BDA-BA2A-44B1D9756481}.Debug|Any CPU.ActiveCfg = Debug|Any CPU
		{0A091B9D-A5FF-4BDA-BA2A-44B1D9756481}.Debug|Any CPU.Build.0 = Debug|Any CPU
		{0A091B9D-A5FF-4BDA-BA2A-44B1D9756481}.Debug|x64.ActiveCfg = Debug|Any CPU
		{0A091B9D-A5FF-4BDA-BA2A-44B1D9756481}.Debug|x64.Build.0 = Debug|Any CPU
		{0A091B9D-A5FF-4BDA-BA2A-44B1D9756481}.Debug|x86.ActiveCfg = Debug|Any CPU
		{0A091B9D-A5FF-4BDA-BA2A-44B1D9756481}.Debug|x86.Build.0 = Debug|Any CPU
		{0A091B9D-A5FF-4BDA-BA2A-44B1D9756481}.Release|Any CPU.ActiveCfg = Release|Any CPU
		{0A091B9D-A5FF-4BDA-BA2A-44B1D9756481}.Release|Any CPU.Build.0 = Release|Any CPU
		{0A091B9D-A5FF-4BDA-BA2A-44B1D9756481}.Release|x64.ActiveCfg = Release|Any CPU
		{0A091B9D-A5FF-4BDA-BA2A-44B1D9756481}.Release|x64.Build.0 = Release|Any CPU
		{0A091B9D-A5FF-4BDA-BA2A-44B1D9756481}.Release|x86.ActiveCfg = Release|Any CPU
		{0A091B9D-A5FF-4BDA-BA2A-44B1D9756481}.Release|x86.Build.0 = Release|Any CPU
		{B5C58AE4-25D2-4F56-94BA-918055314EAE}.Debug|Any CPU.ActiveCfg = Debug|Any CPU
		{B5C58AE4-25D2-4F56-94BA-918055314EAE}.Debug|Any CPU.Build.0 = Debug|Any CPU
		{B5C58AE4-25D2-4F56-94BA-918055314EAE}.Debug|x64.ActiveCfg = Debug|Any CPU
		{B5C58AE4-25D2-4F56-94BA-918055314EAE}.Debug|x64.Build.0 = Debug|Any CPU
		{B5C58AE4-25D2-4F56-94BA-918055314EAE}.Debug|x86.ActiveCfg = Debug|Any CPU
		{B5C58AE4-25D2-4F56-94BA-918055314EAE}.Debug|x86.Build.0 = Debug|Any CPU
		{B5C58AE4-25D2-4F56-94BA-918055314EAE}.Release|Any CPU.ActiveCfg = Release|Any CPU
		{B5C58AE4-25D2-4F56-94BA-918055314EAE}.Release|Any CPU.Build.0 = Release|Any CPU
		{B5C58AE4-25D2-4F56-94BA-918055314EAE}.Release|x64.ActiveCfg = Release|Any CPU
		{B5C58AE4-25D2-4F56-94BA-918055314EAE}.Release|x64.Build.0 = Release|Any CPU
		{B5C58AE4-25D2-4F56-94BA-918055314EAE}.Release|x86.ActiveCfg = Release|Any CPU
		{B5C58AE4-25D2-4F56-94BA-918055314EAE}.Release|x86.Build.0 = Release|Any CPU
		{E7A7960C-2C01-4071-96CE-12B5B0408C6A}.Debug|Any CPU.ActiveCfg = Debug|Any CPU
		{E7A7960C-2C01-4071-96CE-12B5B0408C6A}.Debug|Any CPU.Build.0 = Debug|Any CPU
		{E7A7960C-2C01-4071-96CE-12B5B0408C6A}.Debug|x64.ActiveCfg = Debug|Any CPU
		{E7A7960C-2C01-4071-96CE-12B5B0408C6A}.Debug|x64.Build.0 = Debug|Any CPU
		{E7A7960C-2C01-4071-96CE-12B5B0408C6A}.Debug|x86.ActiveCfg = Debug|Any CPU
		{E7A7960C-2C01-4071-96CE-12B5B0408C6A}.Debug|x86.Build.0 = Debug|Any CPU
		{E7A7960C-2C01-4071-96CE-12B5B0408C6A}.Release|Any CPU.ActiveCfg = Release|Any CPU
		{E7A7960C-2C01-4071-96CE-12B5B0408C6A}.Release|Any CPU.Build.0 = Release|Any CPU
		{E7A7960C-2C01-4071-96CE-12B5B0408C6A}.Release|x64.ActiveCfg = Release|Any CPU
		{E7A7960C-2C01-4071-96CE-12B5B0408C6A}.Release|x64.Build.0 = Release|Any CPU
		{E7A7960C-2C01-4071-96CE-12B5B0408C6A}.Release|x86.ActiveCfg = Release|Any CPU
		{E7A7960C-2C01-4071-96CE-12B5B0408C6A}.Release|x86.Build.0 = Release|Any CPU
		{50EBC183-601D-4FC9-A1CF-87E647903B34}.Debug|Any CPU.ActiveCfg = Debug|Any CPU
		{50EBC183-601D-4FC9-A1CF-87E647903B34}.Debug|Any CPU.Build.0 = Debug|Any CPU
		{50EBC183-601D-4FC9-A1CF-87E647903B34}.Debug|x64.ActiveCfg = Debug|Any CPU
		{50EBC183-601D-4FC9-A1CF-87E647903B34}.Debug|x64.Build.0 = Debug|Any CPU
		{50EBC183-601D-4FC9-A1CF-87E647903B34}.Debug|x86.ActiveCfg = Debug|Any CPU
		{50EBC183-601D-4FC9-A1CF-87E647903B34}.Debug|x86.Build.0 = Debug|Any CPU
		{50EBC183-601D-4FC9-A1CF-87E647903B34}.Release|Any CPU.ActiveCfg = Release|Any CPU
		{50EBC183-601D-4FC9-A1CF-87E647903B34}.Release|Any CPU.Build.0 = Release|Any CPU
		{50EBC183-601D-4FC9-A1CF-87E647903B34}.Release|x64.ActiveCfg = Release|Any CPU
		{50EBC183-601D-4FC9-A1CF-87E647903B34}.Release|x64.Build.0 = Release|Any CPU
		{50EBC183-601D-4FC9-A1CF-87E647903B34}.Release|x86.ActiveCfg = Release|Any CPU
		{50EBC183-601D-4FC9-A1CF-87E647903B34}.Release|x86.Build.0 = Release|Any CPU
		{7F070586-C901-4867-9FB2-E4727B68F3F8}.Debug|Any CPU.ActiveCfg = Debug|Any CPU
		{7F070586-C901-4867-9FB2-E4727B68F3F8}.Debug|Any CPU.Build.0 = Debug|Any CPU
		{7F070586-C901-4867-9FB2-E4727B68F3F8}.Debug|x64.ActiveCfg = Debug|Any CPU
		{7F070586-C901-4867-9FB2-E4727B68F3F8}.Debug|x64.Build.0 = Debug|Any CPU
		{7F070586-C901-4867-9FB2-E4727B68F3F8}.Debug|x86.ActiveCfg = Debug|Any CPU
		{7F070586-C901-4867-9FB2-E4727B68F3F8}.Debug|x86.Build.0 = Debug|Any CPU
		{7F070586-C901-4867-9FB2-E4727B68F3F8}.Release|Any CPU.ActiveCfg = Release|Any CPU
		{7F070586-C901-4867-9FB2-E4727B68F3F8}.Release|Any CPU.Build.0 = Release|Any CPU
		{7F070586-C901-4867-9FB2-E4727B68F3F8}.Release|x64.ActiveCfg = Release|Any CPU
		{7F070586-C901-4867-9FB2-E4727B68F3F8}.Release|x64.Build.0 = Release|Any CPU
		{7F070586-C901-4867-9FB2-E4727B68F3F8}.Release|x86.ActiveCfg = Release|Any CPU
		{7F070586-C901-4867-9FB2-E4727B68F3F8}.Release|x86.Build.0 = Release|Any CPU
		{D732778C-DE4C-4611-AC8A-0BE571307D29}.Debug|Any CPU.ActiveCfg = Debug|Any CPU
		{D732778C-DE4C-4611-AC8A-0BE571307D29}.Debug|Any CPU.Build.0 = Debug|Any CPU
		{D732778C-DE4C-4611-AC8A-0BE571307D29}.Debug|x64.ActiveCfg = Debug|Any CPU
		{D732778C-DE4C-4611-AC8A-0BE571307D29}.Debug|x64.Build.0 = Debug|Any CPU
		{D732778C-DE4C-4611-AC8A-0BE571307D29}.Debug|x86.ActiveCfg = Debug|Any CPU
		{D732778C-DE4C-4611-AC8A-0BE571307D29}.Debug|x86.Build.0 = Debug|Any CPU
		{D732778C-DE4C-4611-AC8A-0BE571307D29}.Release|Any CPU.ActiveCfg = Release|Any CPU
		{D732778C-DE4C-4611-AC8A-0BE571307D29}.Release|Any CPU.Build.0 = Release|Any CPU
		{D732778C-DE4C-4611-AC8A-0BE571307D29}.Release|x64.ActiveCfg = Release|Any CPU
		{D732778C-DE4C-4611-AC8A-0BE571307D29}.Release|x64.Build.0 = Release|Any CPU
		{D732778C-DE4C-4611-AC8A-0BE571307D29}.Release|x86.ActiveCfg = Release|Any CPU
		{D732778C-DE4C-4611-AC8A-0BE571307D29}.Release|x86.Build.0 = Release|Any CPU
		{BD89BCF2-8758-4E13-9AC5-BAA9C4AEE32C}.Debug|Any CPU.ActiveCfg = Debug|Any CPU
		{BD89BCF2-8758-4E13-9AC5-BAA9C4AEE32C}.Debug|Any CPU.Build.0 = Debug|Any CPU
		{BD89BCF2-8758-4E13-9AC5-BAA9C4AEE32C}.Debug|x64.ActiveCfg = Debug|Any CPU
		{BD89BCF2-8758-4E13-9AC5-BAA9C4AEE32C}.Debug|x64.Build.0 = Debug|Any CPU
		{BD89BCF2-8758-4E13-9AC5-BAA9C4AEE32C}.Debug|x86.ActiveCfg = Debug|Any CPU
		{BD89BCF2-8758-4E13-9AC5-BAA9C4AEE32C}.Debug|x86.Build.0 = Debug|Any CPU
		{BD89BCF2-8758-4E13-9AC5-BAA9C4AEE32C}.Release|Any CPU.ActiveCfg = Release|Any CPU
		{BD89BCF2-8758-4E13-9AC5-BAA9C4AEE32C}.Release|Any CPU.Build.0 = Release|Any CPU
		{BD89BCF2-8758-4E13-9AC5-BAA9C4AEE32C}.Release|x64.ActiveCfg = Release|Any CPU
		{BD89BCF2-8758-4E13-9AC5-BAA9C4AEE32C}.Release|x64.Build.0 = Release|Any CPU
		{BD89BCF2-8758-4E13-9AC5-BAA9C4AEE32C}.Release|x86.ActiveCfg = Release|Any CPU
		{BD89BCF2-8758-4E13-9AC5-BAA9C4AEE32C}.Release|x86.Build.0 = Release|Any CPU
		{7F369481-CE01-4B88-B709-25283DE3C40E}.Debug|Any CPU.ActiveCfg = Debug|Any CPU
		{7F369481-CE01-4B88-B709-25283DE3C40E}.Debug|Any CPU.Build.0 = Debug|Any CPU
		{7F369481-CE01-4B88-B709-25283DE3C40E}.Debug|x64.ActiveCfg = Debug|Any CPU
		{7F369481-CE01-4B88-B709-25283DE3C40E}.Debug|x64.Build.0 = Debug|Any CPU
		{7F369481-CE01-4B88-B709-25283DE3C40E}.Debug|x86.ActiveCfg = Debug|Any CPU
		{7F369481-CE01-4B88-B709-25283DE3C40E}.Debug|x86.Build.0 = Debug|Any CPU
		{7F369481-CE01-4B88-B709-25283DE3C40E}.Release|Any CPU.ActiveCfg = Release|Any CPU
		{7F369481-CE01-4B88-B709-25283DE3C40E}.Release|Any CPU.Build.0 = Release|Any CPU
		{7F369481-CE01-4B88-B709-25283DE3C40E}.Release|x64.ActiveCfg = Release|Any CPU
		{7F369481-CE01-4B88-B709-25283DE3C40E}.Release|x64.Build.0 = Release|Any CPU
		{7F369481-CE01-4B88-B709-25283DE3C40E}.Release|x86.ActiveCfg = Release|Any CPU
		{7F369481-CE01-4B88-B709-25283DE3C40E}.Release|x86.Build.0 = Release|Any CPU
		{7491389B-3C34-414D-AA09-A5E9A7522C6A}.Debug|Any CPU.ActiveCfg = Debug|Any CPU
		{7491389B-3C34-414D-AA09-A5E9A7522C6A}.Debug|Any CPU.Build.0 = Debug|Any CPU
		{7491389B-3C34-414D-AA09-A5E9A7522C6A}.Debug|x64.ActiveCfg = Debug|Any CPU
		{7491389B-3C34-414D-AA09-A5E9A7522C6A}.Debug|x64.Build.0 = Debug|Any CPU
		{7491389B-3C34-414D-AA09-A5E9A7522C6A}.Debug|x86.ActiveCfg = Debug|Any CPU
		{7491389B-3C34-414D-AA09-A5E9A7522C6A}.Debug|x86.Build.0 = Debug|Any CPU
		{7491389B-3C34-414D-AA09-A5E9A7522C6A}.Release|Any CPU.ActiveCfg = Release|Any CPU
		{7491389B-3C34-414D-AA09-A5E9A7522C6A}.Release|Any CPU.Build.0 = Release|Any CPU
		{7491389B-3C34-414D-AA09-A5E9A7522C6A}.Release|x64.ActiveCfg = Release|Any CPU
		{7491389B-3C34-414D-AA09-A5E9A7522C6A}.Release|x64.Build.0 = Release|Any CPU
		{7491389B-3C34-414D-AA09-A5E9A7522C6A}.Release|x86.ActiveCfg = Release|Any CPU
		{7491389B-3C34-414D-AA09-A5E9A7522C6A}.Release|x86.Build.0 = Release|Any CPU
		{B2524E23-DEE1-4610-996C-5F03742086F6}.Debug|Any CPU.ActiveCfg = Debug|Any CPU
		{B2524E23-DEE1-4610-996C-5F03742086F6}.Debug|Any CPU.Build.0 = Debug|Any CPU
		{B2524E23-DEE1-4610-996C-5F03742086F6}.Debug|x64.ActiveCfg = Debug|Any CPU
		{B2524E23-DEE1-4610-996C-5F03742086F6}.Debug|x64.Build.0 = Debug|Any CPU
		{B2524E23-DEE1-4610-996C-5F03742086F6}.Debug|x86.ActiveCfg = Debug|Any CPU
		{B2524E23-DEE1-4610-996C-5F03742086F6}.Debug|x86.Build.0 = Debug|Any CPU
		{B2524E23-DEE1-4610-996C-5F03742086F6}.Release|Any CPU.ActiveCfg = Release|Any CPU
		{B2524E23-DEE1-4610-996C-5F03742086F6}.Release|Any CPU.Build.0 = Release|Any CPU
		{B2524E23-DEE1-4610-996C-5F03742086F6}.Release|x64.ActiveCfg = Release|Any CPU
		{B2524E23-DEE1-4610-996C-5F03742086F6}.Release|x64.Build.0 = Release|Any CPU
		{B2524E23-DEE1-4610-996C-5F03742086F6}.Release|x86.ActiveCfg = Release|Any CPU
		{B2524E23-DEE1-4610-996C-5F03742086F6}.Release|x86.Build.0 = Release|Any CPU
		{9B202022-9350-43F4-ADAE-6FE6A0D24646}.Debug|Any CPU.ActiveCfg = Debug|Any CPU
		{9B202022-9350-43F4-ADAE-6FE6A0D24646}.Debug|Any CPU.Build.0 = Debug|Any CPU
		{9B202022-9350-43F4-ADAE-6FE6A0D24646}.Debug|x64.ActiveCfg = Debug|Any CPU
		{9B202022-9350-43F4-ADAE-6FE6A0D24646}.Debug|x64.Build.0 = Debug|Any CPU
		{9B202022-9350-43F4-ADAE-6FE6A0D24646}.Debug|x86.ActiveCfg = Debug|Any CPU
		{9B202022-9350-43F4-ADAE-6FE6A0D24646}.Debug|x86.Build.0 = Debug|Any CPU
		{9B202022-9350-43F4-ADAE-6FE6A0D24646}.Release|Any CPU.ActiveCfg = Release|Any CPU
		{9B202022-9350-43F4-ADAE-6FE6A0D24646}.Release|Any CPU.Build.0 = Release|Any CPU
		{9B202022-9350-43F4-ADAE-6FE6A0D24646}.Release|x64.ActiveCfg = Release|Any CPU
		{9B202022-9350-43F4-ADAE-6FE6A0D24646}.Release|x64.Build.0 = Release|Any CPU
		{9B202022-9350-43F4-ADAE-6FE6A0D24646}.Release|x86.ActiveCfg = Release|Any CPU
		{9B202022-9350-43F4-ADAE-6FE6A0D24646}.Release|x86.Build.0 = Release|Any CPU
		{3AD4BC96-05F0-47D4-B9B4-B40B2D3FF40E}.Debug|Any CPU.ActiveCfg = Debug|Any CPU
		{3AD4BC96-05F0-47D4-B9B4-B40B2D3FF40E}.Debug|Any CPU.Build.0 = Debug|Any CPU
		{3AD4BC96-05F0-47D4-B9B4-B40B2D3FF40E}.Debug|x64.ActiveCfg = Debug|Any CPU
		{3AD4BC96-05F0-47D4-B9B4-B40B2D3FF40E}.Debug|x64.Build.0 = Debug|Any CPU
		{3AD4BC96-05F0-47D4-B9B4-B40B2D3FF40E}.Debug|x86.ActiveCfg = Debug|Any CPU
		{3AD4BC96-05F0-47D4-B9B4-B40B2D3FF40E}.Debug|x86.Build.0 = Debug|Any CPU
		{3AD4BC96-05F0-47D4-B9B4-B40B2D3FF40E}.Release|Any CPU.ActiveCfg = Release|Any CPU
		{3AD4BC96-05F0-47D4-B9B4-B40B2D3FF40E}.Release|Any CPU.Build.0 = Release|Any CPU
		{3AD4BC96-05F0-47D4-B9B4-B40B2D3FF40E}.Release|x64.ActiveCfg = Release|Any CPU
		{3AD4BC96-05F0-47D4-B9B4-B40B2D3FF40E}.Release|x64.Build.0 = Release|Any CPU
		{3AD4BC96-05F0-47D4-B9B4-B40B2D3FF40E}.Release|x86.ActiveCfg = Release|Any CPU
		{3AD4BC96-05F0-47D4-B9B4-B40B2D3FF40E}.Release|x86.Build.0 = Release|Any CPU
		{6A675F1D-54EE-411D-8854-154C34674D57}.Debug|Any CPU.ActiveCfg = Debug|Any CPU
		{6A675F1D-54EE-411D-8854-154C34674D57}.Debug|Any CPU.Build.0 = Debug|Any CPU
		{6A675F1D-54EE-411D-8854-154C34674D57}.Debug|x64.ActiveCfg = Debug|Any CPU
		{6A675F1D-54EE-411D-8854-154C34674D57}.Debug|x64.Build.0 = Debug|Any CPU
		{6A675F1D-54EE-411D-8854-154C34674D57}.Debug|x86.ActiveCfg = Debug|Any CPU
		{6A675F1D-54EE-411D-8854-154C34674D57}.Debug|x86.Build.0 = Debug|Any CPU
		{6A675F1D-54EE-411D-8854-154C34674D57}.Release|Any CPU.ActiveCfg = Release|Any CPU
		{6A675F1D-54EE-411D-8854-154C34674D57}.Release|Any CPU.Build.0 = Release|Any CPU
		{6A675F1D-54EE-411D-8854-154C34674D57}.Release|x64.ActiveCfg = Release|Any CPU
		{6A675F1D-54EE-411D-8854-154C34674D57}.Release|x64.Build.0 = Release|Any CPU
		{6A675F1D-54EE-411D-8854-154C34674D57}.Release|x86.ActiveCfg = Release|Any CPU
		{6A675F1D-54EE-411D-8854-154C34674D57}.Release|x86.Build.0 = Release|Any CPU
		{CDA07B9C-6A0A-41F2-99BA-54E12048BAAB}.Debug|Any CPU.ActiveCfg = Debug|Any CPU
		{CDA07B9C-6A0A-41F2-99BA-54E12048BAAB}.Debug|Any CPU.Build.0 = Debug|Any CPU
		{CDA07B9C-6A0A-41F2-99BA-54E12048BAAB}.Debug|x64.ActiveCfg = Debug|Any CPU
		{CDA07B9C-6A0A-41F2-99BA-54E12048BAAB}.Debug|x64.Build.0 = Debug|Any CPU
		{CDA07B9C-6A0A-41F2-99BA-54E12048BAAB}.Debug|x86.ActiveCfg = Debug|Any CPU
		{CDA07B9C-6A0A-41F2-99BA-54E12048BAAB}.Debug|x86.Build.0 = Debug|Any CPU
		{CDA07B9C-6A0A-41F2-99BA-54E12048BAAB}.Release|Any CPU.ActiveCfg = Release|Any CPU
		{CDA07B9C-6A0A-41F2-99BA-54E12048BAAB}.Release|Any CPU.Build.0 = Release|Any CPU
		{CDA07B9C-6A0A-41F2-99BA-54E12048BAAB}.Release|x64.ActiveCfg = Release|Any CPU
		{CDA07B9C-6A0A-41F2-99BA-54E12048BAAB}.Release|x64.Build.0 = Release|Any CPU
		{CDA07B9C-6A0A-41F2-99BA-54E12048BAAB}.Release|x86.ActiveCfg = Release|Any CPU
		{CDA07B9C-6A0A-41F2-99BA-54E12048BAAB}.Release|x86.Build.0 = Release|Any CPU
		{D2E64863-14AF-4F3B-B9EF-D1BF963EA36C}.Debug|Any CPU.ActiveCfg = Debug|Any CPU
		{D2E64863-14AF-4F3B-B9EF-D1BF963EA36C}.Debug|Any CPU.Build.0 = Debug|Any CPU
		{D2E64863-14AF-4F3B-B9EF-D1BF963EA36C}.Debug|x64.ActiveCfg = Debug|Any CPU
		{D2E64863-14AF-4F3B-B9EF-D1BF963EA36C}.Debug|x64.Build.0 = Debug|Any CPU
		{D2E64863-14AF-4F3B-B9EF-D1BF963EA36C}.Debug|x86.ActiveCfg = Debug|Any CPU
		{D2E64863-14AF-4F3B-B9EF-D1BF963EA36C}.Debug|x86.Build.0 = Debug|Any CPU
		{D2E64863-14AF-4F3B-B9EF-D1BF963EA36C}.Release|Any CPU.ActiveCfg = Release|Any CPU
		{D2E64863-14AF-4F3B-B9EF-D1BF963EA36C}.Release|Any CPU.Build.0 = Release|Any CPU
		{D2E64863-14AF-4F3B-B9EF-D1BF963EA36C}.Release|x64.ActiveCfg = Release|Any CPU
		{D2E64863-14AF-4F3B-B9EF-D1BF963EA36C}.Release|x64.Build.0 = Release|Any CPU
		{D2E64863-14AF-4F3B-B9EF-D1BF963EA36C}.Release|x86.ActiveCfg = Release|Any CPU
		{D2E64863-14AF-4F3B-B9EF-D1BF963EA36C}.Release|x86.Build.0 = Release|Any CPU
	EndGlobalSection
	GlobalSection(SolutionProperties) = preSolution
		HideSolutionNode = FALSE
	EndGlobalSection
	GlobalSection(NestedProjects) = preSolution
		{0A091B9D-A5FF-4BDA-BA2A-44B1D9756481} = {827E0CD3-B72D-47B6-A68D-7590B98EB39B}
		{B5C58AE4-25D2-4F56-94BA-918055314EAE} = {827E0CD3-B72D-47B6-A68D-7590B98EB39B}
		{E7A7960C-2C01-4071-96CE-12B5B0408C6A} = {827E0CD3-B72D-47B6-A68D-7590B98EB39B}
		{50EBC183-601D-4FC9-A1CF-87E647903B34} = {827E0CD3-B72D-47B6-A68D-7590B98EB39B}
		{7F070586-C901-4867-9FB2-E4727B68F3F8} = {827E0CD3-B72D-47B6-A68D-7590B98EB39B}
		{D732778C-DE4C-4611-AC8A-0BE571307D29} = {827E0CD3-B72D-47B6-A68D-7590B98EB39B}
		{BD89BCF2-8758-4E13-9AC5-BAA9C4AEE32C} = {827E0CD3-B72D-47B6-A68D-7590B98EB39B}
		{7F369481-CE01-4B88-B709-25283DE3C40E} = {827E0CD3-B72D-47B6-A68D-7590B98EB39B}
		{7491389B-3C34-414D-AA09-A5E9A7522C6A} = {827E0CD3-B72D-47B6-A68D-7590B98EB39B}
		{B2524E23-DEE1-4610-996C-5F03742086F6} = {827E0CD3-B72D-47B6-A68D-7590B98EB39B}
		{9B202022-9350-43F4-ADAE-6FE6A0D24646} = {827E0CD3-B72D-47B6-A68D-7590B98EB39B}
		{3AD4BC96-05F0-47D4-B9B4-B40B2D3FF40E} = {0AB3BF05-4346-4AA6-1389-037BE0695223}
		{6A675F1D-54EE-411D-8854-154C34674D57} = {0AB3BF05-4346-4AA6-1389-037BE0695223}
		{CDA07B9C-6A0A-41F2-99BA-54E12048BAAB} = {0AB3BF05-4346-4AA6-1389-037BE0695223}
		{D2E64863-14AF-4F3B-B9EF-D1BF963EA36C} = {0AB3BF05-4346-4AA6-1389-037BE0695223}
	EndGlobalSection
EndGlobal
